// !$*UTF8*$!
{
	archiveVersion = 1;
	classes = {
	};
	objectVersion = 56;
	objects = {

/* Begin PBXBuildFile section */
		A35288772A30D5990039FF90 /* EasyNetwork in Frameworks */ = {isa = PBXBuildFile; productRef = A35288762A30D5990039FF90 /* EasyNetwork */; };
		A37294262A2F775F001B61D4 /* AdventureOfLinkApp.swift in Sources */ = {isa = PBXBuildFile; fileRef = A37294252A2F775F001B61D4 /* AdventureOfLinkApp.swift */; };
		A37294282A2F775F001B61D4 /* ContentView.swift in Sources */ = {isa = PBXBuildFile; fileRef = A37294272A2F775F001B61D4 /* ContentView.swift */; };
		A372942A2A2F7760001B61D4 /* Assets.xcassets in Resources */ = {isa = PBXBuildFile; fileRef = A37294292A2F7760001B61D4 /* Assets.xcassets */; };
		A372942D2A2F7760001B61D4 /* Preview Assets.xcassets in Resources */ = {isa = PBXBuildFile; fileRef = A372942C2A2F7760001B61D4 /* Preview Assets.xcassets */; };
		A37294372A2F7760001B61D4 /* AdventureOfLinkTests.swift in Sources */ = {isa = PBXBuildFile; fileRef = A37294362A2F7760001B61D4 /* AdventureOfLinkTests.swift */; };
		A37294412A2F7760001B61D4 /* AdventureOfLinkUITests.swift in Sources */ = {isa = PBXBuildFile; fileRef = A37294402A2F7760001B61D4 /* AdventureOfLinkUITests.swift */; };
		A37294432A2F7760001B61D4 /* AdventureOfLinkUITestsLaunchTests.swift in Sources */ = {isa = PBXBuildFile; fileRef = A37294422A2F7760001B61D4 /* AdventureOfLinkUITestsLaunchTests.swift */; };
/* End PBXBuildFile section */

/* Begin PBXContainerItemProxy section */
		A37294332A2F7760001B61D4 /* PBXContainerItemProxy */ = {
			isa = PBXContainerItemProxy;
			containerPortal = A372941A2A2F775F001B61D4 /* Project object */;
			proxyType = 1;
			remoteGlobalIDString = A37294212A2F775F001B61D4;
			remoteInfo = AdventureOfLink;
		};
		A372943D2A2F7760001B61D4 /* PBXContainerItemProxy */ = {
			isa = PBXContainerItemProxy;
			containerPortal = A372941A2A2F775F001B61D4 /* Project object */;
			proxyType = 1;
			remoteGlobalIDString = A37294212A2F775F001B61D4;
			remoteInfo = AdventureOfLink;
		};
/* End PBXContainerItemProxy section */

/* Begin PBXFileReference section */
		A37294222A2F775F001B61D4 /* AdventureOfLink.app */ = {isa = PBXFileReference; explicitFileType = wrapper.application; includeInIndex = 0; path = AdventureOfLink.app; sourceTree = BUILT_PRODUCTS_DIR; };
		A37294252A2F775F001B61D4 /* AdventureOfLinkApp.swift */ = {isa = PBXFileReference; lastKnownFileType = sourcecode.swift; path = AdventureOfLinkApp.swift; sourceTree = "<group>"; };
		A37294272A2F775F001B61D4 /* ContentView.swift */ = {isa = PBXFileReference; lastKnownFileType = sourcecode.swift; path = ContentView.swift; sourceTree = "<group>"; };
		A37294292A2F7760001B61D4 /* Assets.xcassets */ = {isa = PBXFileReference; lastKnownFileType = folder.assetcatalog; path = Assets.xcassets; sourceTree = "<group>"; };
		A372942C2A2F7760001B61D4 /* Preview Assets.xcassets */ = {isa = PBXFileReference; lastKnownFileType = folder.assetcatalog; path = "Preview Assets.xcassets"; sourceTree = "<group>"; };
		A37294322A2F7760001B61D4 /* AdventureOfLinkTests.xctest */ = {isa = PBXFileReference; explicitFileType = wrapper.cfbundle; includeInIndex = 0; path = AdventureOfLinkTests.xctest; sourceTree = BUILT_PRODUCTS_DIR; };
		A37294362A2F7760001B61D4 /* AdventureOfLinkTests.swift */ = {isa = PBXFileReference; lastKnownFileType = sourcecode.swift; path = AdventureOfLinkTests.swift; sourceTree = "<group>"; };
		A372943C2A2F7760001B61D4 /* AdventureOfLinkUITests.xctest */ = {isa = PBXFileReference; explicitFileType = wrapper.cfbundle; includeInIndex = 0; path = AdventureOfLinkUITests.xctest; sourceTree = BUILT_PRODUCTS_DIR; };
		A37294402A2F7760001B61D4 /* AdventureOfLinkUITests.swift */ = {isa = PBXFileReference; lastKnownFileType = sourcecode.swift; path = AdventureOfLinkUITests.swift; sourceTree = "<group>"; };
		A37294422A2F7760001B61D4 /* AdventureOfLinkUITestsLaunchTests.swift */ = {isa = PBXFileReference; lastKnownFileType = sourcecode.swift; path = AdventureOfLinkUITestsLaunchTests.swift; sourceTree = "<group>"; };
/* End PBXFileReference section */

/* Begin PBXFrameworksBuildPhase section */
		A372941F2A2F775F001B61D4 /* Frameworks */ = {
			isa = PBXFrameworksBuildPhase;
			buildActionMask = 2147483647;
			files = (
				A35288772A30D5990039FF90 /* EasyNetwork in Frameworks */,
			);
			runOnlyForDeploymentPostprocessing = 0;
		};
		A372942F2A2F7760001B61D4 /* Frameworks */ = {
			isa = PBXFrameworksBuildPhase;
			buildActionMask = 2147483647;
			files = (
			);
			runOnlyForDeploymentPostprocessing = 0;
		};
		A37294392A2F7760001B61D4 /* Frameworks */ = {
			isa = PBXFrameworksBuildPhase;
			buildActionMask = 2147483647;
			files = (
			);
			runOnlyForDeploymentPostprocessing = 0;
		};
/* End PBXFrameworksBuildPhase section */

/* Begin PBXGroup section */
		A37294192A2F775F001B61D4 = {
			isa = PBXGroup;
			children = (
				A37294242A2F775F001B61D4 /* AdventureOfLink */,
				A37294352A2F7760001B61D4 /* AdventureOfLinkTests */,
				A372943F2A2F7760001B61D4 /* AdventureOfLinkUITests */,
				A37294232A2F775F001B61D4 /* Products */,
			);
			sourceTree = "<group>";
		};
		A37294232A2F775F001B61D4 /* Products */ = {
			isa = PBXGroup;
			children = (
				A37294222A2F775F001B61D4 /* AdventureOfLink.app */,
				A37294322A2F7760001B61D4 /* AdventureOfLinkTests.xctest */,
				A372943C2A2F7760001B61D4 /* AdventureOfLinkUITests.xctest */,
			);
			name = Products;
			sourceTree = "<group>";
		};
		A37294242A2F775F001B61D4 /* AdventureOfLink */ = {
			isa = PBXGroup;
			children = (
				A37294252A2F775F001B61D4 /* AdventureOfLinkApp.swift */,
				A37294272A2F775F001B61D4 /* ContentView.swift */,
				A37294292A2F7760001B61D4 /* Assets.xcassets */,
				A372942B2A2F7760001B61D4 /* Preview Content */,
			);
			path = AdventureOfLink;
			sourceTree = "<group>";
		};
		A372942B2A2F7760001B61D4 /* Preview Content */ = {
			isa = PBXGroup;
			children = (
				A372942C2A2F7760001B61D4 /* Preview Assets.xcassets */,
			);
			path = "Preview Content";
			sourceTree = "<group>";
		};
		A37294352A2F7760001B61D4 /* AdventureOfLinkTests */ = {
			isa = PBXGroup;
			children = (
				A37294362A2F7760001B61D4 /* AdventureOfLinkTests.swift */,
			);
			path = AdventureOfLinkTests;
			sourceTree = "<group>";
		};
		A372943F2A2F7760001B61D4 /* AdventureOfLinkUITests */ = {
			isa = PBXGroup;
			children = (
				A37294402A2F7760001B61D4 /* AdventureOfLinkUITests.swift */,
				A37294422A2F7760001B61D4 /* AdventureOfLinkUITestsLaunchTests.swift */,
			);
			path = AdventureOfLinkUITests;
			sourceTree = "<group>";
		};
/* End PBXGroup section */

/* Begin PBXNativeTarget section */
		A37294212A2F775F001B61D4 /* AdventureOfLink */ = {
			isa = PBXNativeTarget;
			buildConfigurationList = A37294462A2F7760001B61D4 /* Build configuration list for PBXNativeTarget "AdventureOfLink" */;
			buildPhases = (
				A372941E2A2F775F001B61D4 /* Sources */,
				A372941F2A2F775F001B61D4 /* Frameworks */,
				A37294202A2F775F001B61D4 /* Resources */,
			);
			buildRules = (
			);
			dependencies = (
			);
			name = AdventureOfLink;
			packageProductDependencies = (
				A35288762A30D5990039FF90 /* EasyNetwork */,
			);
			productName = AdventureOfLink;
			productReference = A37294222A2F775F001B61D4 /* AdventureOfLink.app */;
			productType = "com.apple.product-type.application";
		};
		A37294312A2F7760001B61D4 /* AdventureOfLinkTests */ = {
			isa = PBXNativeTarget;
			buildConfigurationList = A37294492A2F7760001B61D4 /* Build configuration list for PBXNativeTarget "AdventureOfLinkTests" */;
			buildPhases = (
				A372942E2A2F7760001B61D4 /* Sources */,
				A372942F2A2F7760001B61D4 /* Frameworks */,
				A37294302A2F7760001B61D4 /* Resources */,
			);
			buildRules = (
			);
			dependencies = (
				A37294342A2F7760001B61D4 /* PBXTargetDependency */,
			);
			name = AdventureOfLinkTests;
			productName = AdventureOfLinkTests;
			productReference = A37294322A2F7760001B61D4 /* AdventureOfLinkTests.xctest */;
			productType = "com.apple.product-type.bundle.unit-test";
		};
		A372943B2A2F7760001B61D4 /* AdventureOfLinkUITests */ = {
			isa = PBXNativeTarget;
			buildConfigurationList = A372944C2A2F7760001B61D4 /* Build configuration list for PBXNativeTarget "AdventureOfLinkUITests" */;
			buildPhases = (
				A37294382A2F7760001B61D4 /* Sources */,
				A37294392A2F7760001B61D4 /* Frameworks */,
				A372943A2A2F7760001B61D4 /* Resources */,
			);
			buildRules = (
			);
			dependencies = (
				A372943E2A2F7760001B61D4 /* PBXTargetDependency */,
			);
			name = AdventureOfLinkUITests;
			productName = AdventureOfLinkUITests;
			productReference = A372943C2A2F7760001B61D4 /* AdventureOfLinkUITests.xctest */;
			productType = "com.apple.product-type.bundle.ui-testing";
		};
/* End PBXNativeTarget section */

/* Begin PBXProject section */
		A372941A2A2F775F001B61D4 /* Project object */ = {
			isa = PBXProject;
			attributes = {
				BuildIndependentTargetsInParallel = 1;
				LastSwiftUpdateCheck = 1420;
				LastUpgradeCheck = 1420;
				TargetAttributes = {
					A37294212A2F775F001B61D4 = {
						CreatedOnToolsVersion = 14.2;
					};
					A37294312A2F7760001B61D4 = {
						CreatedOnToolsVersion = 14.2;
						TestTargetID = A37294212A2F775F001B61D4;
					};
					A372943B2A2F7760001B61D4 = {
						CreatedOnToolsVersion = 14.2;
						TestTargetID = A37294212A2F775F001B61D4;
					};
				};
			};
			buildConfigurationList = A372941D2A2F775F001B61D4 /* Build configuration list for PBXProject "AdventureOfLink" */;
			compatibilityVersion = "Xcode 14.0";
			developmentRegion = en;
			hasScannedForEncodings = 0;
			knownRegions = (
				en,
				Base,
			);
			mainGroup = A37294192A2F775F001B61D4;
			packageReferences = (
				A35288752A30D5990039FF90 /* XCRemoteSwiftPackageReference "EasyNetwork" */,
			);
			productRefGroup = A37294232A2F775F001B61D4 /* Products */;
			projectDirPath = "";
			projectRoot = "";
			targets = (
				A37294212A2F775F001B61D4 /* AdventureOfLink */,
				A37294312A2F7760001B61D4 /* AdventureOfLinkTests */,
				A372943B2A2F7760001B61D4 /* AdventureOfLinkUITests */,
			);
		};
/* End PBXProject section */

/* Begin PBXResourcesBuildPhase section */
		A37294202A2F775F001B61D4 /* Resources */ = {
			isa = PBXResourcesBuildPhase;
			buildActionMask = 2147483647;
			files = (
				A372942D2A2F7760001B61D4 /* Preview Assets.xcassets in Resources */,
				A372942A2A2F7760001B61D4 /* Assets.xcassets in Resources */,
			);
			runOnlyForDeploymentPostprocessing = 0;
		};
		A37294302A2F7760001B61D4 /* Resources */ = {
			isa = PBXResourcesBuildPhase;
			buildActionMask = 2147483647;
			files = (
			);
			runOnlyForDeploymentPostprocessing = 0;
		};
		A372943A2A2F7760001B61D4 /* Resources */ = {
			isa = PBXResourcesBuildPhase;
			buildActionMask = 2147483647;
			files = (
			);
			runOnlyForDeploymentPostprocessing = 0;
		};
/* End PBXResourcesBuildPhase section */

/* Begin PBXSourcesBuildPhase section */
		A372941E2A2F775F001B61D4 /* Sources */ = {
			isa = PBXSourcesBuildPhase;
			buildActionMask = 2147483647;
			files = (
				A37294282A2F775F001B61D4 /* ContentView.swift in Sources */,
				A37294262A2F775F001B61D4 /* AdventureOfLinkApp.swift in Sources */,
			);
			runOnlyForDeploymentPostprocessing = 0;
		};
		A372942E2A2F7760001B61D4 /* Sources */ = {
			isa = PBXSourcesBuildPhase;
			buildActionMask = 2147483647;
			files = (
				A37294372A2F7760001B61D4 /* AdventureOfLinkTests.swift in Sources */,
			);
			runOnlyForDeploymentPostprocessing = 0;
		};
		A37294382A2F7760001B61D4 /* Sources */ = {
			isa = PBXSourcesBuildPhase;
			buildActionMask = 2147483647;
			files = (
				A37294432A2F7760001B61D4 /* AdventureOfLinkUITestsLaunchTests.swift in Sources */,
				A37294412A2F7760001B61D4 /* AdventureOfLinkUITests.swift in Sources */,
			);
			runOnlyForDeploymentPostprocessing = 0;
		};
/* End PBXSourcesBuildPhase section */

/* Begin PBXTargetDependency section */
		A37294342A2F7760001B61D4 /* PBXTargetDependency */ = {
			isa = PBXTargetDependency;
			target = A37294212A2F775F001B61D4 /* AdventureOfLink */;
			targetProxy = A37294332A2F7760001B61D4 /* PBXContainerItemProxy */;
		};
		A372943E2A2F7760001B61D4 /* PBXTargetDependency */ = {
			isa = PBXTargetDependency;
			target = A37294212A2F775F001B61D4 /* AdventureOfLink */;
			targetProxy = A372943D2A2F7760001B61D4 /* PBXContainerItemProxy */;
		};
/* End PBXTargetDependency section */

/* Begin XCBuildConfiguration section */
		A37294442A2F7760001B61D4 /* Debug */ = {
			isa = XCBuildConfiguration;
			buildSettings = {
				ALWAYS_SEARCH_USER_PATHS = NO;
				CLANG_ANALYZER_NONNULL = YES;
				CLANG_ANALYZER_NUMBER_OBJECT_CONVERSION = YES_AGGRESSIVE;
				CLANG_CXX_LANGUAGE_STANDARD = "gnu++20";
				CLANG_ENABLE_MODULES = YES;
				CLANG_ENABLE_OBJC_ARC = YES;
				CLANG_ENABLE_OBJC_WEAK = YES;
				CLANG_WARN_BLOCK_CAPTURE_AUTORELEASING = YES;
				CLANG_WARN_BOOL_CONVERSION = YES;
				CLANG_WARN_COMMA = YES;
				CLANG_WARN_CONSTANT_CONVERSION = YES;
				CLANG_WARN_DEPRECATED_OBJC_IMPLEMENTATIONS = YES;
				CLANG_WARN_DIRECT_OBJC_ISA_USAGE = YES_ERROR;
				CLANG_WARN_DOCUMENTATION_COMMENTS = YES;
				CLANG_WARN_EMPTY_BODY = YES;
				CLANG_WARN_ENUM_CONVERSION = YES;
				CLANG_WARN_INFINITE_RECURSION = YES;
				CLANG_WARN_INT_CONVERSION = YES;
				CLANG_WARN_NON_LITERAL_NULL_CONVERSION = YES;
				CLANG_WARN_OBJC_IMPLICIT_RETAIN_SELF = YES;
				CLANG_WARN_OBJC_LITERAL_CONVERSION = YES;
				CLANG_WARN_OBJC_ROOT_CLASS = YES_ERROR;
				CLANG_WARN_QUOTED_INCLUDE_IN_FRAMEWORK_HEADER = YES;
				CLANG_WARN_RANGE_LOOP_ANALYSIS = YES;
				CLANG_WARN_STRICT_PROTOTYPES = YES;
				CLANG_WARN_SUSPICIOUS_MOVE = YES;
				CLANG_WARN_UNGUARDED_AVAILABILITY = YES_AGGRESSIVE;
				CLANG_WARN_UNREACHABLE_CODE = YES;
				CLANG_WARN__DUPLICATE_METHOD_MATCH = YES;
				COPY_PHASE_STRIP = NO;
				DEBUG_INFORMATION_FORMAT = dwarf;
				ENABLE_STRICT_OBJC_MSGSEND = YES;
				ENABLE_TESTABILITY = YES;
				GCC_C_LANGUAGE_STANDARD = gnu11;
				GCC_DYNAMIC_NO_PIC = NO;
				GCC_NO_COMMON_BLOCKS = YES;
				GCC_OPTIMIZATION_LEVEL = 0;
				GCC_PREPROCESSOR_DEFINITIONS = (
					"DEBUG=1",
					"$(inherited)",
				);
				GCC_WARN_64_TO_32_BIT_CONVERSION = YES;
				GCC_WARN_ABOUT_RETURN_TYPE = YES_ERROR;
				GCC_WARN_UNDECLARED_SELECTOR = YES;
				GCC_WARN_UNINITIALIZED_AUTOS = YES_AGGRESSIVE;
				GCC_WARN_UNUSED_FUNCTION = YES;
				GCC_WARN_UNUSED_VARIABLE = YES;
				IPHONEOS_DEPLOYMENT_TARGET = 16.2;
				MTL_ENABLE_DEBUG_INFO = INCLUDE_SOURCE;
				MTL_FAST_MATH = YES;
				ONLY_ACTIVE_ARCH = YES;
				SDKROOT = iphoneos;
				SWIFT_ACTIVE_COMPILATION_CONDITIONS = DEBUG;
				SWIFT_OPTIMIZATION_LEVEL = "-Onone";
			};
			name = Debug;
		};
		A37294452A2F7760001B61D4 /* Release */ = {
			isa = XCBuildConfiguration;
			buildSettings = {
				ALWAYS_SEARCH_USER_PATHS = NO;
				CLANG_ANALYZER_NONNULL = YES;
				CLANG_ANALYZER_NUMBER_OBJECT_CONVERSION = YES_AGGRESSIVE;
				CLANG_CXX_LANGUAGE_STANDARD = "gnu++20";
				CLANG_ENABLE_MODULES = YES;
				CLANG_ENABLE_OBJC_ARC = YES;
				CLANG_ENABLE_OBJC_WEAK = YES;
				CLANG_WARN_BLOCK_CAPTURE_AUTORELEASING = YES;
				CLANG_WARN_BOOL_CONVERSION = YES;
				CLANG_WARN_COMMA = YES;
				CLANG_WARN_CONSTANT_CONVERSION = YES;
				CLANG_WARN_DEPRECATED_OBJC_IMPLEMENTATIONS = YES;
				CLANG_WARN_DIRECT_OBJC_ISA_USAGE = YES_ERROR;
				CLANG_WARN_DOCUMENTATION_COMMENTS = YES;
				CLANG_WARN_EMPTY_BODY = YES;
				CLANG_WARN_ENUM_CONVERSION = YES;
				CLANG_WARN_INFINITE_RECURSION = YES;
				CLANG_WARN_INT_CONVERSION = YES;
				CLANG_WARN_NON_LITERAL_NULL_CONVERSION = YES;
				CLANG_WARN_OBJC_IMPLICIT_RETAIN_SELF = YES;
				CLANG_WARN_OBJC_LITERAL_CONVERSION = YES;
				CLANG_WARN_OBJC_ROOT_CLASS = YES_ERROR;
				CLANG_WARN_QUOTED_INCLUDE_IN_FRAMEWORK_HEADER = YES;
				CLANG_WARN_RANGE_LOOP_ANALYSIS = YES;
				CLANG_WARN_STRICT_PROTOTYPES = YES;
				CLANG_WARN_SUSPICIOUS_MOVE = YES;
				CLANG_WARN_UNGUARDED_AVAILABILITY = YES_AGGRESSIVE;
				CLANG_WARN_UNREACHABLE_CODE = YES;
				CLANG_WARN__DUPLICATE_METHOD_MATCH = YES;
				COPY_PHASE_STRIP = NO;
				DEBUG_INFORMATION_FORMAT = "dwarf-with-dsym";
				ENABLE_NS_ASSERTIONS = NO;
				ENABLE_STRICT_OBJC_MSGSEND = YES;
				GCC_C_LANGUAGE_STANDARD = gnu11;
				GCC_NO_COMMON_BLOCKS = YES;
				GCC_WARN_64_TO_32_BIT_CONVERSION = YES;
				GCC_WARN_ABOUT_RETURN_TYPE = YES_ERROR;
				GCC_WARN_UNDECLARED_SELECTOR = YES;
				GCC_WARN_UNINITIALIZED_AUTOS = YES_AGGRESSIVE;
				GCC_WARN_UNUSED_FUNCTION = YES;
				GCC_WARN_UNUSED_VARIABLE = YES;
				IPHONEOS_DEPLOYMENT_TARGET = 16.2;
				MTL_ENABLE_DEBUG_INFO = NO;
				MTL_FAST_MATH = YES;
				SDKROOT = iphoneos;
				SWIFT_COMPILATION_MODE = wholemodule;
				SWIFT_OPTIMIZATION_LEVEL = "-O";
				VALIDATE_PRODUCT = YES;
			};
			name = Release;
		};
		A37294472A2F7760001B61D4 /* Debug */ = {
			isa = XCBuildConfiguration;
			buildSettings = {
				ASSETCATALOG_COMPILER_APPICON_NAME = AppIcon;
				ASSETCATALOG_COMPILER_GLOBAL_ACCENT_COLOR_NAME = AccentColor;
				CODE_SIGN_STYLE = Automatic;
				CURRENT_PROJECT_VERSION = 1;
				DEVELOPMENT_ASSET_PATHS = "\"AdventureOfLink/Preview Content\"";
				DEVELOPMENT_TEAM = URA6K2N237;
				ENABLE_PREVIEWS = YES;
				GENERATE_INFOPLIST_FILE = YES;
				INFOPLIST_KEY_UIApplicationSceneManifest_Generation = YES;
				INFOPLIST_KEY_UIApplicationSupportsIndirectInputEvents = YES;
				INFOPLIST_KEY_UILaunchScreen_Generation = YES;
				INFOPLIST_KEY_UISupportedInterfaceOrientations_iPad = "UIInterfaceOrientationPortrait UIInterfaceOrientationPortraitUpsideDown UIInterfaceOrientationLandscapeLeft UIInterfaceOrientationLandscapeRight";
				INFOPLIST_KEY_UISupportedInterfaceOrientations_iPhone = "UIInterfaceOrientationPortrait UIInterfaceOrientationLandscapeLeft UIInterfaceOrientationLandscapeRight";
				LD_RUNPATH_SEARCH_PATHS = (
					"$(inherited)",
					"@executable_path/Frameworks",
				);
				MARKETING_VERSION = 1.0;
				PRODUCT_BUNDLE_IDENTIFIER = Erwin.AdventureOfLink;
				PRODUCT_NAME = "$(TARGET_NAME)";
				SWIFT_EMIT_LOC_STRINGS = YES;
				SWIFT_VERSION = 5.0;
				TARGETED_DEVICE_FAMILY = "1,2";
			};
			name = Debug;
		};
		A37294482A2F7760001B61D4 /* Release */ = {
			isa = XCBuildConfiguration;
			buildSettings = {
				ASSETCATALOG_COMPILER_APPICON_NAME = AppIcon;
				ASSETCATALOG_COMPILER_GLOBAL_ACCENT_COLOR_NAME = AccentColor;
				CODE_SIGN_STYLE = Automatic;
				CURRENT_PROJECT_VERSION = 1;
				DEVELOPMENT_ASSET_PATHS = "\"AdventureOfLink/Preview Content\"";
				DEVELOPMENT_TEAM = URA6K2N237;
				ENABLE_PREVIEWS = YES;
				GENERATE_INFOPLIST_FILE = YES;
				INFOPLIST_KEY_UIApplicationSceneManifest_Generation = YES;
				INFOPLIST_KEY_UIApplicationSupportsIndirectInputEvents = YES;
				INFOPLIST_KEY_UILaunchScreen_Generation = YES;
				INFOPLIST_KEY_UISupportedInterfaceOrientations_iPad = "UIInterfaceOrientationPortrait UIInterfaceOrientationPortraitUpsideDown UIInterfaceOrientationLandscapeLeft UIInterfaceOrientationLandscapeRight";
				INFOPLIST_KEY_UISupportedInterfaceOrientations_iPhone = "UIInterfaceOrientationPortrait UIInterfaceOrientationLandscapeLeft UIInterfaceOrientationLandscapeRight";
				LD_RUNPATH_SEARCH_PATHS = (
					"$(inherited)",
					"@executable_path/Frameworks",
				);
				MARKETING_VERSION = 1.0;
				PRODUCT_BUNDLE_IDENTIFIER = Erwin.AdventureOfLink;
				PRODUCT_NAME = "$(TARGET_NAME)";
				SWIFT_EMIT_LOC_STRINGS = YES;
				SWIFT_VERSION = 5.0;
				TARGETED_DEVICE_FAMILY = "1,2";
			};
			name = Release;
		};
		A372944A2A2F7760001B61D4 /* Debug */ = {
			isa = XCBuildConfiguration;
			buildSettings = {
				ALWAYS_EMBED_SWIFT_STANDARD_LIBRARIES = YES;
				BUNDLE_LOADER = "$(TEST_HOST)";
				CODE_SIGN_STYLE = Automatic;
				CURRENT_PROJECT_VERSION = 1;
				DEVELOPMENT_TEAM = URA6K2N237;
				GENERATE_INFOPLIST_FILE = YES;
				IPHONEOS_DEPLOYMENT_TARGET = 16.2;
				MARKETING_VERSION = 1.0;
				PRODUCT_BUNDLE_IDENTIFIER = Erwin.AdventureOfLinkTests;
				PRODUCT_NAME = "$(TARGET_NAME)";
				SWIFT_EMIT_LOC_STRINGS = NO;
				SWIFT_VERSION = 5.0;
				TARGETED_DEVICE_FAMILY = "1,2";
				TEST_HOST = "$(BUILT_PRODUCTS_DIR)/AdventureOfLink.app/$(BUNDLE_EXECUTABLE_FOLDER_PATH)/AdventureOfLink";
			};
			name = Debug;
		};
		A372944B2A2F7760001B61D4 /* Release */ = {
			isa = XCBuildConfiguration;
			buildSettings = {
				ALWAYS_EMBED_SWIFT_STANDARD_LIBRARIES = YES;
				BUNDLE_LOADER = "$(TEST_HOST)";
				CODE_SIGN_STYLE = Automatic;
				CURRENT_PROJECT_VERSION = 1;
				DEVELOPMENT_TEAM = URA6K2N237;
				GENERATE_INFOPLIST_FILE = YES;
				IPHONEOS_DEPLOYMENT_TARGET = 16.2;
				MARKETING_VERSION = 1.0;
				PRODUCT_BUNDLE_IDENTIFIER = Erwin.AdventureOfLinkTests;
				PRODUCT_NAME = "$(TARGET_NAME)";
				SWIFT_EMIT_LOC_STRINGS = NO;
				SWIFT_VERSION = 5.0;
				TARGETED_DEVICE_FAMILY = "1,2";
				TEST_HOST = "$(BUILT_PRODUCTS_DIR)/AdventureOfLink.app/$(BUNDLE_EXECUTABLE_FOLDER_PATH)/AdventureOfLink";
			};
			name = Release;
		};
		A372944D2A2F7760001B61D4 /* Debug */ = {
			isa = XCBuildConfiguration;
			buildSettings = {
				ALWAYS_EMBED_SWIFT_STANDARD_LIBRARIES = YES;
				CODE_SIGN_STYLE = Automatic;
				CURRENT_PROJECT_VERSION = 1;
				DEVELOPMENT_TEAM = URA6K2N237;
				GENERATE_INFOPLIST_FILE = YES;
				MARKETING_VERSION = 1.0;
				PRODUCT_BUNDLE_IDENTIFIER = Erwin.AdventureOfLinkUITests;
				PRODUCT_NAME = "$(TARGET_NAME)";
				SWIFT_EMIT_LOC_STRINGS = NO;
				SWIFT_VERSION = 5.0;
				TARGETED_DEVICE_FAMILY = "1,2";
				TEST_TARGET_NAME = AdventureOfLink;
			};
			name = Debug;
		};
		A372944E2A2F7760001B61D4 /* Release */ = {
			isa = XCBuildConfiguration;
			buildSettings = {
				ALWAYS_EMBED_SWIFT_STANDARD_LIBRARIES = YES;
				CODE_SIGN_STYLE = Automatic;
				CURRENT_PROJECT_VERSION = 1;
				DEVELOPMENT_TEAM = URA6K2N237;
				GENERATE_INFOPLIST_FILE = YES;
				MARKETING_VERSION = 1.0;
				PRODUCT_BUNDLE_IDENTIFIER = Erwin.AdventureOfLinkUITests;
				PRODUCT_NAME = "$(TARGET_NAME)";
				SWIFT_EMIT_LOC_STRINGS = NO;
				SWIFT_VERSION = 5.0;
				TARGETED_DEVICE_FAMILY = "1,2";
				TEST_TARGET_NAME = AdventureOfLink;
			};
			name = Release;
		};
/* End XCBuildConfiguration section */

/* Begin XCConfigurationList section */
		A372941D2A2F775F001B61D4 /* Build configuration list for PBXProject "AdventureOfLink" */ = {
			isa = XCConfigurationList;
			buildConfigurations = (
				A37294442A2F7760001B61D4 /* Debug */,
				A37294452A2F7760001B61D4 /* Release */,
			);
			defaultConfigurationIsVisible = 0;
			defaultConfigurationName = Release;
		};
		A37294462A2F7760001B61D4 /* Build configuration list for PBXNativeTarget "AdventureOfLink" */ = {
			isa = XCConfigurationList;
			buildConfigurations = (
				A37294472A2F7760001B61D4 /* Debug */,
				A37294482A2F7760001B61D4 /* Release */,
			);
			defaultConfigurationIsVisible = 0;
			defaultConfigurationName = Release;
		};
		A37294492A2F7760001B61D4 /* Build configuration list for PBXNativeTarget "AdventureOfLinkTests" */ = {
			isa = XCConfigurationList;
			buildConfigurations = (
				A372944A2A2F7760001B61D4 /* Debug */,
				A372944B2A2F7760001B61D4 /* Release */,
			);
			defaultConfigurationIsVisible = 0;
			defaultConfigurationName = Release;
		};
		A372944C2A2F7760001B61D4 /* Build configuration list for PBXNativeTarget "AdventureOfLinkUITests" */ = {
			isa = XCConfigurationList;
			buildConfigurations = (
				A372944D2A2F7760001B61D4 /* Debug */,
				A372944E2A2F7760001B61D4 /* Release */,
			);
			defaultConfigurationIsVisible = 0;
			defaultConfigurationName = Release;
		};
/* End XCConfigurationList section */

/* Begin XCRemoteSwiftPackageReference section */
		A35288752A30D5990039FF90 /* XCRemoteSwiftPackageReference "EasyNetwork" */ = {
			isa = XCRemoteSwiftPackageReference;
			repositoryURL = "git@github.com:we7ee/EasyNetwork.git";
			requirement = {
				kind = upToNextMajorVersion;
				minimumVersion = 0.1.2;
			};
		};
/* End XCRemoteSwiftPackageReference section */

/* Begin XCSwiftPackageProductDependency section */
		A35288762A30D5990039FF90 /* EasyNetwork */ = {
			isa = XCSwiftPackageProductDependency;
			package = A35288752A30D5990039FF90 /* XCRemoteSwiftPackageReference "EasyNetwork" */;
			productName = EasyNetwork;
		};
/* End XCSwiftPackageProductDependency section */
	};
	rootObject = A372941A2A2F775F001B61D4 /* Project object */;
}
